
Microsoft Visual Studio Solution File, Format Version 12.00
Project("{FAE04EC0-301F-11D3-BF4B-00C04F79EFBC}") = "Web", "Web\Web.csproj", "{4329BCD9-2E8D-4C08-927D-A18ED1FCD4E4}"
EndProject
Project("{FAE04EC0-301F-11D3-BF4B-00C04F79EFBC}") = "Core", "Core\Core.csproj", "{9084966A-C7E9-4211-9CC9-153222E25C8E}"
EndProject
Project("{FAE04EC0-301F-11D3-BF4B-00C04F79EFBC}") = "Test", "Test\Test.csproj", "{2650252C-7CA6-4B5F-ADCF-8B1F6FAA1F5A}"
EndProject
Project("{2150E333-8FDC-42A3-9474-1A3956D46DE8}") = "etc", "etc", "{12FE7C3E-CB54-4926-841D-8D6BA45A2ED5}"
	ProjectSection(SolutionItems) = preProject
		.env = .env
		run.ps1 = run.ps1
		docker-compose.yml = docker-compose.yml
		global.json = global.json
		Dockerfile = Dockerfile
		run.sh = run.sh
		test-run.yml = test-run.yml
	EndProjectSection
EndProject
Global
	GlobalSection(SolutionConfigurationPlatforms) = preSolution
		Debug|Any CPU = Debug|Any CPU
	EndGlobalSection
	GlobalSection(ProjectConfigurationPlatforms) = postSolution
		{9084966A-C7E9-4211-9CC9-153222E25C8E}.Debug|Any CPU.ActiveCfg = Debug|Any CPU
		{9084966A-C7E9-4211-9CC9-153222E25C8E}.Debug|Any CPU.Build.0 = Debug|Any CPU
		{2650252C-7CA6-4B5F-ADCF-8B1F6FAA1F5A}.Debug|Any CPU.ActiveCfg = Debug|Any CPU
		{2650252C-7CA6-4B5F-ADCF-8B1F6FAA1F5A}.Debug|Any CPU.Build.0 = Debug|Any CPU
		{4329BCD9-2E8D-4C08-927D-A18ED1FCD4E4}.Debug|Any CPU.ActiveCfg = Debug|Any CPU
		{4329BCD9-2E8D-4C08-927D-A18ED1FCD4E4}.Debug|Any CPU.Build.0 = Debug|Any CPU
	EndGlobalSection
EndGlobal
